
Microsoft Visual Studio Solution File, Format Version 12.00
# Visual Studio Version 17
VisualStudioVersion = 17.11.35431.28
MinimumVisualStudioVersion = 10.0.40219.1
Project("{9A19103F-16F7-4668-BE54-9A1E7A4F7556}") = "QLSanBong_API", "QLSanBong_API\QLSanBong_API.csproj", "{F47CB3BC-0467-42C7-91F8-951A6FC9B7C0}"
EndProject
Project("{9A19103F-16F7-4668-BE54-9A1E7A4F7556}") = "QLSanBong_Web", "QLSanBong_Web\QLSanBong_Web.csproj", "{92509510-78A8-4853-AE4E-251B60B2A2D5}"
	ProjectSection(ProjectDependencies) = postProject
		{F47CB3BC-0467-42C7-91F8-951A6FC9B7C0} = {F47CB3BC-0467-42C7-91F8-951A6FC9B7C0}
	EndProjectSection
EndProject
Global
	GlobalSection(SolutionConfigurationPlatforms) = preSolution
		Debug|Any CPU = Debug|Any CPU
		Release|Any CPU = Release|Any CPU
	EndGlobalSection
	GlobalSection(ProjectConfigurationPlatforms) = postSolution
		{F47CB3BC-0467-42C7-91F8-951A6FC9B7C0}.Debug|Any CPU.ActiveCfg = Debug|Any CPU
		{F47CB3BC-0467-42C7-91F8-951A6FC9B7C0}.Debug|Any CPU.Build.0 = Debug|Any CPU
		{F47CB3BC-0467-42C7-91F8-951A6FC9B7C0}.Release|Any CPU.ActiveCfg = Release|Any CPU
		{F47CB3BC-0467-42C7-91F8-951A6FC9B7C0}.Release|Any CPU.Build.0 = Release|Any CPU
		{92509510-78A8-4853-AE4E-251B60B2A2D5}.Debug|Any CPU.ActiveCfg = Debug|Any CPU
		{92509510-78A8-4853-AE4E-251B60B2A2D5}.Debug|Any CPU.Build.0 = Debug|Any CPU
		{92509510-78A8-4853-AE4E-251B60B2A2D5}.Release|Any CPU.ActiveCfg = Release|Any CPU
		{92509510-78A8-4853-AE4E-251B60B2A2D5}.Release|Any CPU.Build.0 = Release|Any CPU
	EndGlobalSection
	GlobalSection(SolutionProperties) = preSolution
		HideSolutionNode = FALSE
	EndGlobalSection
	GlobalSection(ExtensibilityGlobals) = postSolution
		SolutionGuid = {3ECED9DA-BB82-49CB-AF43-E031AF8F3690}
	EndGlobalSection
EndGlobal
